// !$*UTF8*$!
{
	archiveVersion = 1;
	classes = {
	};
	objectVersion = 46;
	objects = {

/* Begin PBXBuildFile section */
		9BD55B341B4FAE1000291E6F /* main.m in Sources */ = {isa = PBXBuildFile; fileRef = 9BD55B331B4FAE1000291E6F /* main.m */; };
		9BD55B371B4FAE1000291E6F /* AppDelegate.m in Sources */ = {isa = PBXBuildFile; fileRef = 9BD55B361B4FAE1000291E6F /* AppDelegate.m */; };
		9BD55B3A1B4FAE1000291E6F /* ViewController.m in Sources */ = {isa = PBXBuildFile; fileRef = 9BD55B391B4FAE1000291E6F /* ViewController.m */; };
		9BD55B3D1B4FAE1000291E6F /* Main.storyboard in Resources */ = {isa = PBXBuildFile; fileRef = 9BD55B3B1B4FAE1000291E6F /* Main.storyboard */; };
		9BD55B3F1B4FAE1000291E6F /* Images.xcassets in Resources */ = {isa = PBXBuildFile; fileRef = 9BD55B3E1B4FAE1000291E6F /* Images.xcassets */; };
		9BD55B421B4FAE1000291E6F /* LaunchScreen.xib in Resources */ = {isa = PBXBuildFile; fileRef = 9BD55B401B4FAE1000291E6F /* LaunchScreen.xib */; };
		9BD55B4E1B4FAE1000291E6F /* _4______Tests.m in Sources */ = {isa = PBXBuildFile; fileRef = 9BD55B4D1B4FAE1000291E6F /* _4______Tests.m */; };
/* End PBXBuildFile section */

/* Begin PBXContainerItemProxy section */
		9BD55B481B4FAE1000291E6F /* PBXContainerItemProxy */ = {
			isa = PBXContainerItemProxy;
			containerPortal = 9BD55B261B4FAE1000291E6F /* Project object */;
			proxyType = 1;
			remoteGlobalIDString = 9BD55B2D1B4FAE1000291E6F;
			remoteInfo = "04-图片浏览器";
		};
/* End PBXContainerItemProxy section */

/* Begin PBXFileReference section */
		9BD55B2E1B4FAE1000291E6F /* 04-图片浏览器.app */ = {isa = PBXFileReference; explicitFileType = wrapper.application; includeInIndex = 0; path = "04-图片浏览器.app"; sourceTree = BUILT_PRODUCTS_DIR; };
		9BD55B321B4FAE1000291E6F /* Info.plist */ = {isa = PBXFileReference; lastKnownFileType = text.plist.xml; path = Info.plist; sourceTree = "<group>"; };
		9BD55B331B4FAE1000291E6F /* main.m */ = {isa = PBXFileReference; lastKnownFileType = sourcecode.c.objc; path = main.m; sourceTree = "<group>"; };
		9BD55B351B4FAE1000291E6F /* AppDelegate.h */ = {isa = PBXFileReference; lastKnownFileType = sourcecode.c.h; path = AppDelegate.h; sourceTree = "<group>"; };
		9BD55B361B4FAE1000291E6F /* AppDelegate.m */ = {isa = PBXFileReference; lastKnownFileType = sourcecode.c.objc; path = AppDelegate.m; sourceTree = "<group>"; };
		9BD55B381B4FAE1000291E6F /* ViewController.h */ = {isa = PBXFileReference; lastKnownFileType = sourcecode.c.h; path = ViewController.h; sourceTree = "<group>"; };
		9BD55B391B4FAE1000291E6F /* ViewController.m */ = {isa = PBXFileReference; lastKnownFileType = sourcecode.c.objc; path = ViewController.m; sourceTree = "<group>"; };
		9BD55B3C1B4FAE1000291E6F /* Base */ = {isa = PBXFileReference; lastKnownFileType = file.storyboard; name = Base; path = Base.lproj/Main.storyboard; sourceTree = "<group>"; };
		9BD55B3E1B4FAE1000291E6F /* Images.xcassets */ = {isa = PBXFileReference; lastKnownFileType = folder.assetcatalog; path = Images.xcassets; sourceTree = "<group>"; };
		9BD55B411B4FAE1000291E6F /* Base */ = {isa = PBXFileReference; lastKnownFileType = file.xib; name = Base; path = Base.lproj/LaunchScreen.xib; sourceTree = "<group>"; };
		9BD55B471B4FAE1000291E6F /* 04-图片浏览器Tests.xctest */ = {isa = PBXFileReference; explicitFileType = wrapper.cfbundle; includeInIndex = 0; path = "04-图片浏览器Tests.xctest"; sourceTree = BUILT_PRODUCTS_DIR; };
		9BD55B4C1B4FAE1000291E6F /* Info.plist */ = {isa = PBXFileReference; lastKnownFileType = text.plist.xml; path = Info.plist; sourceTree = "<group>"; };
		9BD55B4D1B4FAE1000291E6F /* _4______Tests.m */ = {isa = PBXFileReference; lastKnownFileType = sourcecode.c.objc; path = "_4______Tests.m"; sourceTree = "<group>"; };
/* End PBXFileReference section */

/* Begin PBXFrameworksBuildPhase section */
		9BD55B2B1B4FAE1000291E6F /* Frameworks */ = {
			isa = PBXFrameworksBuildPhase;
			buildActionMask = 2147483647;
			files = (
			);
			runOnlyForDeploymentPostprocessing = 0;
		};
		9BD55B441B4FAE1000291E6F /* Frameworks */ = {
			isa = PBXFrameworksBuildPhase;
			buildActionMask = 2147483647;
			files = (
			);
			runOnlyForDeploymentPostprocessing = 0;
		};
/* End PBXFrameworksBuildPhase section */

/* Begin PBXGroup section */
		9BD55B251B4FAE1000291E6F = {
			isa = PBXGroup;
			children = (
				9BD55B301B4FAE1000291E6F /* 04-图片浏览器 */,
				9BD55B4A1B4FAE1000291E6F /* 04-图片浏览器Tests */,
				9BD55B2F1B4FAE1000291E6F /* Products */,
			);
			sourceTree = "<group>";
		};
		9BD55B2F1B4FAE1000291E6F /* Products */ = {
			isa = PBXGroup;
			children = (
				9BD55B2E1B4FAE1000291E6F /* 04-图片浏览器.app */,
				9BD55B471B4FAE1000291E6F /* 04-图片浏览器Tests.xctest */,
			);
			name = Products;
			sourceTree = "<group>";
		};
		9BD55B301B4FAE1000291E6F /* 04-图片浏览器 */ = {
			isa = PBXGroup;
			children = (
				9BD55B351B4FAE1000291E6F /* AppDelegate.h */,
				9BD55B361B4FAE1000291E6F /* AppDelegate.m */,
				9BD55B381B4FAE1000291E6F /* ViewController.h */,
				9BD55B391B4FAE1000291E6F /* ViewController.m */,
				9BD55B3B1B4FAE1000291E6F /* Main.storyboard */,
				9BD55B3E1B4FAE1000291E6F /* Images.xcassets */,
				9BD55B401B4FAE1000291E6F /* LaunchScreen.xib */,
				9BD55B311B4FAE1000291E6F /* Supporting Files */,
			);
			path = "04-图片浏览器";
			sourceTree = "<group>";
		};
		9BD55B311B4FAE1000291E6F /* Supporting Files */ = {
			isa = PBXGroup;
			children = (
				9BD55B321B4FAE1000291E6F /* Info.plist */,
				9BD55B331B4FAE1000291E6F /* main.m */,
			);
			name = "Supporting Files";
			sourceTree = "<group>";
		};
		9BD55B4A1B4FAE1000291E6F /* 04-图片浏览器Tests */ = {
			isa = PBXGroup;
			children = (
				9BD55B4D1B4FAE1000291E6F /* _4______Tests.m */,
				9BD55B4B1B4FAE1000291E6F /* Supporting Files */,
			);
			path = "04-图片浏览器Tests";
			sourceTree = "<group>";
		};
		9BD55B4B1B4FAE1000291E6F /* Supporting Files */ = {
			isa = PBXGroup;
			children = (
				9BD55B4C1B4FAE1000291E6F /* Info.plist */,
			);
			name = "Supporting Files";
			sourceTree = "<group>";
		};
/* End PBXGroup section */

/* Begin PBXNativeTarget section */
		9BD55B2D1B4FAE1000291E6F /* 04-图片浏览器 */ = {
			isa = PBXNativeTarget;
			buildConfigurationList = 9BD55B511B4FAE1000291E6F /* Build configuration list for PBXNativeTarget "04-图片浏览器" */;
			buildPhases = (
				9BD55B2A1B4FAE1000291E6F /* Sources */,
				9BD55B2B1B4FAE1000291E6F /* Frameworks */,
				9BD55B2C1B4FAE1000291E6F /* Resources */,
			);
			buildRules = (
			);
			dependencies = (
			);
			name = "04-图片浏览器";
			productName = "04-图片浏览器";
			productReference = 9BD55B2E1B4FAE1000291E6F /* 04-图片浏览器.app */;
			productType = "com.apple.product-type.application";
		};
		9BD55B461B4FAE1000291E6F /* 04-图片浏览器Tests */ = {
			isa = PBXNativeTarget;
			buildConfigurationList = 9BD55B541B4FAE1000291E6F /* Build configuration list for PBXNativeTarget "04-图片浏览器Tests" */;
			buildPhases = (
				9BD55B431B4FAE1000291E6F /* Sources */,
				9BD55B441B4FAE1000291E6F /* Frameworks */,
				9BD55B451B4FAE1000291E6F /* Resources */,
			);
			buildRules = (
			);
			dependencies = (
				9BD55B491B4FAE1000291E6F /* PBXTargetDependency */,
			);
			name = "04-图片浏览器Tests";
			productName = "04-图片浏览器Tests";
			productReference = 9BD55B471B4FAE1000291E6F /* 04-图片浏览器Tests.xctest */;
			productType = "com.apple.product-type.bundle.unit-test";
		};
/* End PBXNativeTarget section */

/* Begin PBXProject section */
		9BD55B261B4FAE1000291E6F /* Project object */ = {
			isa = PBXProject;
			attributes = {
				LastUpgradeCheck = 0640;
				ORGANIZATIONNAME = apple;
				TargetAttributes = {
					9BD55B2D1B4FAE1000291E6F = {
						CreatedOnToolsVersion = 6.4;
					};
					9BD55B461B4FAE1000291E6F = {
						CreatedOnToolsVersion = 6.4;
						TestTargetID = 9BD55B2D1B4FAE1000291E6F;
					};
				};
			};
			buildConfigurationList = 9BD55B291B4FAE1000291E6F /* Build configuration list for PBXProject "04-图片浏览器" */;
			compatibilityVersion = "Xcode 3.2";
			developmentRegion = English;
			hasScannedForEncodings = 0;
			knownRegions = (
				en,
				Base,
			);
			mainGroup = 9BD55B251B4FAE1000291E6F;
			productRefGroup = 9BD55B2F1B4FAE1000291E6F /* Products */;
			projectDirPath = "";
			projectRoot = "";
			targets = (
				9BD55B2D1B4FAE1000291E6F /* 04-图片浏览器 */,
				9BD55B461B4FAE1000291E6F /* 04-图片浏览器Tests */,
			);
		};
/* End PBXProject section */

/* Begin PBXResourcesBuildPhase section */
		9BD55B2C1B4FAE1000291E6F /* Resources */ = {
			isa = PBXResourcesBuildPhase;
			buildActionMask = 2147483647;
			files = (
				9BD55B3D1B4FAE1000291E6F /* Main.storyboard in Resources */,
				9BD55B421B4FAE1000291E6F /* LaunchScreen.xib in Resources */,
				9BD55B3F1B4FAE1000291E6F /* Images.xcassets in Resources */,
			);
			runOnlyForDeploymentPostprocessing = 0;
		};
		9BD55B451B4FAE1000291E6F /* Resources */ = {
			isa = PBXResourcesBuildPhase;
			buildActionMask = 2147483647;
			files = (
			);
			runOnlyForDeploymentPostprocessing = 0;
		};
/* End PBXResourcesBuildPhase section */

/* Begin PBXSourcesBuildPhase section */
		9BD55B2A1B4FAE1000291E6F /* Sources */ = {
			isa = PBXSourcesBuildPhase;
			buildActionMask = 2147483647;
			files = (
				9BD55B3A1B4FAE1000291E6F /* ViewController.m in Sources */,
				9BD55B371B4FAE1000291E6F /* AppDelegate.m in Sources */,
				9BD55B341B4FAE1000291E6F /* main.m in Sources */,
			);
			runOnlyForDeploymentPostprocessing = 0;
		};
		9BD55B431B4FAE1000291E6F /* Sources */ = {
			isa = PBXSourcesBuildPhase;
			buildActionMask = 2147483647;
			files = (
				9BD55B4E1B4FAE1000291E6F /* _4______Tests.m in Sources */,
			);
			runOnlyForDeploymentPostprocessing = 0;
		};
/* End PBXSourcesBuildPhase section */

/* Begin PBXTargetDependency section */
		9BD55B491B4FAE1000291E6F /* PBXTargetDependency */ = {
			isa = PBXTargetDependency;
			target = 9BD55B2D1B4FAE1000291E6F /* 04-图片浏览器 */;
			targetProxy = 9BD55B481B4FAE1000291E6F /* PBXContainerItemProxy */;
		};
/* End PBXTargetDependency section */

/* Begin PBXVariantGroup section */
		9BD55B3B1B4FAE1000291E6F /* Main.storyboard */ = {
			isa = PBXVariantGroup;
			children = (
				9BD55B3C1B4FAE1000291E6F /* Base */,
			);
			name = Main.storyboard;
			sourceTree = "<group>";
		};
		9BD55B401B4FAE1000291E6F /* LaunchScreen.xib */ = {
			isa = PBXVariantGroup;
			children = (
				9BD55B411B4FAE1000291E6F /* Base */,
			);
			name = LaunchScreen.xib;
			sourceTree = "<group>";
		};
/* End PBXVariantGroup section */

/* Begin XCBuildConfiguration section */
		9BD55B4F1B4FAE1000291E6F /* Debug */ = {
			isa = XCBuildConfiguration;
			buildSettings = {
				ALWAYS_SEARCH_USER_PATHS = NO;
				CLANG_CXX_LANGUAGE_STANDARD = "gnu++0x";
				CLANG_CXX_LIBRARY = "libc++";
				CLANG_ENABLE_MODULES = YES;
				CLANG_ENABLE_OBJC_ARC = YES;
				CLANG_WARN_BOOL_CONVERSION = YES;
				CLANG_WARN_CONSTANT_CONVERSION = YES;
				CLANG_WARN_DIRECT_OBJC_ISA_USAGE = YES_ERROR;
				CLANG_WARN_EMPTY_BODY = YES;
				CLANG_WARN_ENUM_CONVERSION = YES;
				CLANG_WARN_INT_CONVERSION = YES;
				CLANG_WARN_OBJC_ROOT_CLASS = YES_ERROR;
				CLANG_WARN_UNREACHABLE_CODE = YES;
				CLANG_WARN__DUPLICATE_METHOD_MATCH = YES;
				"CODE_SIGN_IDENTITY[sdk=iphoneos*]" = "iPhone Developer";
				COPY_PHASE_STRIP = NO;
				DEBUG_INFORMATION_FORMAT = "dwarf-with-dsym";
				ENABLE_STRICT_OBJC_MSGSEND = YES;
				GCC_C_LANGUAGE_STANDARD = gnu99;
				GCC_DYNAMIC_NO_PIC = NO;
				GCC_NO_COMMON_BLOCKS = YES;
				GCC_OPTIMIZATION_LEVEL = 0;
				GCC_PREPROCESSOR_DEFINITIONS = (
					"DEBUG=1",
					"$(inherited)",
				);
				GCC_SYMBOLS_PRIVATE_EXTERN = NO;
				GCC_WARN_64_TO_32_BIT_CONVERSION = YES;
				GCC_WARN_ABOUT_RETURN_TYPE = YES_ERROR;
				GCC_WARN_UNDECLARED_SELECTOR = YES;
				GCC_WARN_UNINITIALIZED_AUTOS = YES_AGGRESSIVE;
				GCC_WARN_UNUSED_FUNCTION = YES;
				GCC_WARN_UNUSED_VARIABLE = YES;
				IPHONEOS_DEPLOYMENT_TARGET = 8.4;
				MTL_ENABLE_DEBUG_INFO = YES;
				ONLY_ACTIVE_ARCH = YES;
				SDKROOT = iphoneos;
			};
			name = Debug;
		};
		9BD55B501B4FAE1000291E6F /* Release */ = {
			isa = XCBuildConfiguration;
			buildSettings = {
				ALWAYS_SEARCH_USER_PATHS = NO;
				CLANG_CXX_LANGUAGE_STANDARD = "gnu++0x";
				CLANG_CXX_LIBRARY = "libc++";
				CLANG_ENABLE_MODULES = YES;
				CLANG_ENABLE_OBJC_ARC = YES;
				CLANG_WARN_BOOL_CONVERSION = YES;
				CLANG_WARN_CONSTANT_CONVERSION = YES;
				CLANG_WARN_DIRECT_OBJC_ISA_USAGE = YES_ERROR;
				CLANG_WARN_EMPTY_BODY = YES;
				CLANG_WARN_ENUM_CONVERSION = YES;
				CLANG_WARN_INT_CONVERSION = YES;
				CLANG_WARN_OBJC_ROOT_CLASS = YES_ERROR;
				CLANG_WARN_UNREACHABLE_CODE = YES;
				CLANG_WARN__DUPLICATE_METHOD_MATCH = YES;
				"CODE_SIGN_IDENTITY[sdk=iphoneos*]" = "iPhone Developer";
				COPY_PHASE_STRIP = NO;
				DEBUG_INFORMATION_FORMAT = "dwarf-with-dsym";
				ENABLE_NS_ASSERTIONS = NO;
				ENABLE_STRICT_OBJC_MSGSEND = YES;
				GCC_C_LANGUAGE_STANDARD = gnu99;
				GCC_NO_COMMON_BLOCKS = YES;
				GCC_WARN_64_TO_32_BIT_CONVERSION = YES;
				GCC_WARN_ABOUT_RETURN_TYPE = YES_ERROR;
				GCC_WARN_UNDECLARED_SELECTOR = YES;
				GCC_WARN_UNINITIALIZED_AUTOS = YES_AGGRESSIVE;
				GCC_WARN_UNUSED_FUNCTION = YES;
				GCC_WARN_UNUSED_VARIABLE = YES;
				IPHONEOS_DEPLOYMENT_TARGET = 8.4;
				MTL_ENABLE_DEBUG_INFO = NO;
				SDKROOT = iphoneos;
				VALIDATE_PRODUCT = YES;
			};
			name = Release;
		};
		9BD55B521B4FAE1000291E6F /* Debug */ = {
			isa = XCBuildConfiguration;
			buildSettings = {
				ASSETCATALOG_COMPILER_APPICON_NAME = AppIcon;
				INFOPLIST_FILE = "04-图片浏览器/Info.plist";
				LD_RUNPATH_SEARCH_PATHS = "$(inherited) @executable_path/Frameworks";
				PRODUCT_NAME = "$(TARGET_NAME)";
			};
			name = Debug;
		};
		9BD55B531B4FAE1000291E6F /* Release */ = {
			isa = XCBuildConfiguration;
			buildSettings = {
				ASSETCATALOG_COMPILER_APPICON_NAME = AppIcon;
				INFOPLIST_FILE = "04-图片浏览器/Info.plist";
				LD_RUNPATH_SEARCH_PATHS = "$(inherited) @executable_path/Frameworks";
				PRODUCT_NAME = "$(TARGET_NAME)";
			};
			name = Release;
		};
		9BD55B551B4FAE1000291E6F /* Debug */ = {
			isa = XCBuildConfiguration;
			buildSettings = {
				BUNDLE_LOADER = "$(TEST_HOST)";
				FRAMEWORK_SEARCH_PATHS = (
					"$(SDKROOT)/Developer/Library/Frameworks",
					"$(inherited)",
				);
				GCC_PREPROCESSOR_DEFINITIONS = (
					"DEBUG=1",
					"$(inherited)",
				);
				INFOPLIST_FILE = "04-图片浏览器Tests/Info.plist";
				LD_RUNPATH_SEARCH_PATHS = "$(inherited) @executable_path/Frameworks @loader_path/Frameworks";
				PRODUCT_NAME = "$(TARGET_NAME)";
				TEST_HOST = "$(BUILT_PRODUCTS_DIR)/04-图片浏览器.app/04-图片浏览器";
			};
			name = Debug;
		};
		9BD55B561B4FAE1000291E6F /* Release */ = {
			isa = XCBuildConfiguration;
			buildSettings = {
				BUNDLE_LOADER = "$(TEST_HOST)";
				FRAMEWORK_SEARCH_PATHS = (
					"$(SDKROOT)/Developer/Library/Frameworks",
					"$(inherited)",
				);
				INFOPLIST_FILE = "04-图片浏览器Tests/Info.plist";
				LD_RUNPATH_SEARCH_PATHS = "$(inherited) @executable_path/Frameworks @loader_path/Frameworks";
				PRODUCT_NAME = "$(TARGET_NAME)";
				TEST_HOST = "$(BUILT_PRODUCTS_DIR)/04-图片浏览器.app/04-图片浏览器";
			};
			name = Release;
		};
/* End XCBuildConfiguration section */

/* Begin XCConfigurationList section */
		9BD55B291B4FAE1000291E6F /* Build configuration list for PBXProject "04-图片浏览器" */ = {
			isa = XCConfigurationList;
			buildConfigurations = (
				9BD55B4F1B4FAE1000291E6F /* Debug */,
				9BD55B501B4FAE1000291E6F /* Release */,
			);
			defaultConfigurationIsVisible = 0;
			defaultConfigurationName = Release;
		};
		9BD55B511B4FAE1000291E6F /* Build configuration list for PBXNativeTarget "04-图片浏览器" */ = {
			isa = XCConfigurationList;
			buildConfigurations = (
				9BD55B521B4FAE1000291E6F /* Debug */,
				9BD55B531B4FAE1000291E6F /* Release */,
			);
			defaultConfigurationIsVisible = 0;
		};
		9BD55B541B4FAE1000291E6F /* Build configuration list for PBXNativeTarget "04-图片浏览器Tests" */ = {
			isa = XCConfigurationList;
			buildConfigurations = (
				9BD55B551B4FAE1000291E6F /* Debug */,
				9BD55B561B4FAE1000291E6F /* Release */,
			);
			defaultConfigurationIsVisible = 0;
		};
/* End XCConfigurationList section */
	};
	rootObject = 9BD55B261B4FAE1000291E6F /* Project object */;
}
